
Microsoft Visual Studio Solution File, Format Version 12.00
# Visual Studio Version 17
VisualStudioVersion = 17.8.34525.116
MinimumVisualStudioVersion = 10.0.40219.1
Project("{FAE04EC0-301F-11D3-BF4B-00C04F79EFBC}") = "PlannerApplication.Web", "PlannerApplication.Web\PlannerApplication.Web.csproj", "{CB05EFD1-E5E8-408D-8C64-9C99B4E4D26C}"
EndProject
Project("{FAE04EC0-301F-11D3-BF4B-00C04F79EFBC}") = "PlannerApplication.Core", "PlannerApplication.Core\PlannerApplication.Core.csproj", "{3007EF6E-AE55-4713-BF30-041454307CF7}"
EndProject
Project("{FAE04EC0-301F-11D3-BF4B-00C04F79EFBC}") = "PlannerApplication.Infrastructure", "PlannerApplication.Infrastructure\PlannerApplication.Infrastructure.csproj", "{3BAB9174-6960-458B-8C5D-4E4DD2C6EDE4}"
EndProject
Global
	GlobalSection(SolutionConfigurationPlatforms) = preSolution
		Debug|Any CPU = Debug|Any CPU
		Release|Any CPU = Release|Any CPU
	EndGlobalSection
	GlobalSection(ProjectConfigurationPlatforms) = postSolution
		{CB05EFD1-E5E8-408D-8C64-9C99B4E4D26C}.Debug|Any CPU.ActiveCfg = Debug|Any CPU
		{CB05EFD1-E5E8-408D-8C64-9C99B4E4D26C}.Debug|Any CPU.Build.0 = Debug|Any CPU
		{CB05EFD1-E5E8-408D-8C64-9C99B4E4D26C}.Release|Any CPU.ActiveCfg = Release|Any CPU
		{CB05EFD1-E5E8-408D-8C64-9C99B4E4D26C}.Release|Any CPU.Build.0 = Release|Any CPU
		{3007EF6E-AE55-4713-BF30-041454307CF7}.Debug|Any CPU.ActiveCfg = Debug|Any CPU
		{3007EF6E-AE55-4713-BF30-041454307CF7}.Debug|Any CPU.Build.0 = Debug|Any CPU
		{3007EF6E-AE55-4713-BF30-041454307CF7}.Release|Any CPU.ActiveCfg = Release|Any CPU
		{3007EF6E-AE55-4713-BF30-041454307CF7}.Release|Any CPU.Build.0 = Release|Any CPU
		{3BAB9174-6960-458B-8C5D-4E4DD2C6EDE4}.Debug|Any CPU.ActiveCfg = Debug|Any CPU
		{3BAB9174-6960-458B-8C5D-4E4DD2C6EDE4}.Debug|Any CPU.Build.0 = Debug|Any CPU
		{3BAB9174-6960-458B-8C5D-4E4DD2C6EDE4}.Release|Any CPU.ActiveCfg = Release|Any CPU
		{3BAB9174-6960-458B-8C5D-4E4DD2C6EDE4}.Release|Any CPU.Build.0 = Release|Any CPU
	EndGlobalSection
	GlobalSection(SolutionProperties) = preSolution
		HideSolutionNode = FALSE
	EndGlobalSection
	GlobalSection(ExtensibilityGlobals) = postSolution
		SolutionGuid = {F445F8EA-E054-4272-BC44-828152F35C33}
	EndGlobalSection
EndGlobal
